
Microsoft Visual Studio Solution File, Format Version 12.00
# Visual Studio Version 17
VisualStudioVersion = 17.9.34728.123
MinimumVisualStudioVersion = 10.0.40219.1
Project("{FAE04EC0-301F-11D3-BF4B-00C04F79EFBC}") = "MyAMIS", "MyAMIS.csproj", "{0C0EC07A-30F4-499C-A328-4940A553B81C}"
EndProject
Global
	GlobalSection(SolutionConfigurationPlatforms) = preSolution
		Debug|Any CPU = Debug|Any CPU
		Release|Any CPU = Release|Any CPU
	EndGlobalSection
	GlobalSection(ProjectConfigurationPlatforms) = postSolution
		{0C0EC07A-30F4-499C-A328-4940A553B81C}.Debug|Any CPU.ActiveCfg = Debug|Any CPU
		{0C0EC07A-30F4-499C-A328-4940A553B81C}.Debug|Any CPU.Build.0 = Debug|Any CPU
		{0C0EC07A-30F4-499C-A328-4940A553B81C}.Release|Any CPU.ActiveCfg = Release|Any CPU
		{0C0EC07A-30F4-499C-A328-4940A553B81C}.Release|Any CPU.Build.0 = Release|Any CPU
	EndGlobalSection
	GlobalSection(SolutionProperties) = preSolution
		HideSolutionNode = FALSE
	EndGlobalSection
	GlobalSection(ExtensibilityGlobals) = postSolution
		SolutionGuid = {E710CA4B-F4D7-4ED3-9718-34E742BF3F06}
	EndGlobalSection
EndGlobal
